# THIS IS AN AUTOGENERATED FILE. DO NOT EDIT THIS FILE DIRECTLY.
# yarn lockfile v1


"@esbuild/android-arm64@0.18.1":
  version "0.18.1"
  resolved "https://registry.yarnpkg.com/@esbuild/android-arm64/-/android-arm64-0.18.1.tgz#b0785e64af40185d3683738c629b0d4867d1eb88"
  integrity sha512-l5V0IWGTYfQMzl4ulgIHKMZPwabIS4a39ZvtkPwL6LYiX3UtL76sylA6eFKufJCB43mwEYqbXoBSMn++NpxILw==

"@esbuild/android-arm@0.18.1":
  version "0.18.1"
  resolved "https://registry.yarnpkg.com/@esbuild/android-arm/-/android-arm-0.18.1.tgz#da0b674fc68a698f1657a9d9d9fd0b496d1bf725"
  integrity sha512-8+QS98jqdreHLvCojIke8NjcuelB+Osysazr15EhkUIuG0Ov5WK26XgPYWViCTjHnKQxbpS86/JryBOkEpyrBA==

"@esbuild/android-x64@0.18.1":
  version "0.18.1"
  resolved "https://registry.yarnpkg.com/@esbuild/android-x64/-/android-x64-0.18.1.tgz#fc52ffc3ff6139957138eea0fa2d58e82b4a29ab"
  integrity sha512-1y8/bRek6EYxQeGTUfwL2mmj6NAeXZ3h5YSc4W2Y/kduI1B8VhT4x5X0VxrcGkIKef4N5qCdziRxvei/YUfESg==

"@esbuild/darwin-arm64@0.18.1":
  version "0.18.1"
  resolved "https://registry.yarnpkg.com/@esbuild/darwin-arm64/-/darwin-arm64-0.18.1.tgz#4a0ae46a675251dedd14361d132d8cef0218fcff"
  integrity sha512-FFT/on9qQTOntdloQvgfwFkRhNI5l/TCNXZS1CpH6JQd0boR637aThi9g9FYs4o31Ao72/jPZFDiRln5Cu6R2A==

"@esbuild/darwin-x64@0.18.1":
  version "0.18.1"
  resolved "https://registry.yarnpkg.com/@esbuild/darwin-x64/-/darwin-x64-0.18.1.tgz#733934692e038a50a209365b25836e2407e29328"
  integrity sha512-p/ZIUt+NlW8qRNVTXoKJgRuc49teazvmXBquoGOm5D6IAimTfWJVJrEivqpoMKyDS/0/PxDMRM2lrkxlSa7XeQ==

"@esbuild/freebsd-arm64@0.18.1":
  version "0.18.1"
  resolved "https://registry.yarnpkg.com/@esbuild/freebsd-arm64/-/freebsd-arm64-0.18.1.tgz#72cac2daba6369a1252aa77b6f04b275f31ea7d5"
  integrity sha512-eYUDR3thO96ULRf4rJcG9TJ/sQc6Z/YNe16mC/KvVeAOtzmeTXiPMETEv/iMqTCxZhYkHyQG/mYbAxPBWC2mcg==

"@esbuild/freebsd-x64@0.18.1":
  version "0.18.1"
  resolved "https://registry.yarnpkg.com/@esbuild/freebsd-x64/-/freebsd-x64-0.18.1.tgz#3ab647a9f1557ce8f099e4910854000cd831989a"
  integrity sha512-w03zjxyg51qktv0JKsV+AbY3uSb1Awifs8IkKQSUXdP3sdPxxmPzZLrlJ1+LjKZRiSa4yP/Haayi/hriNVoIdQ==

"@esbuild/linux-arm64@0.18.1":
  version "0.18.1"
  resolved "https://registry.yarnpkg.com/@esbuild/linux-arm64/-/linux-arm64-0.18.1.tgz#38ae4a9fbcd1e288270e37b2727f8370dc347d54"
  integrity sha512-dHlvkKAVlYNt5LPg1GUha99QiaEGKEC21zpHVAxs7hhW6EkR8nN3iWmyndGXxVJm4K7e4lKAzl8ekPqSr5gAXQ==

"@esbuild/linux-arm@0.18.1":
  version "0.18.1"
  resolved "https://registry.yarnpkg.com/@esbuild/linux-arm/-/linux-arm-0.18.1.tgz#75d8bdea6f4ed10c2e8186d0aa4f06fe92ea4350"
  integrity sha512-d6FXeb8F/cuXtSZuVHQN0Rz3gs3g2Xy/M4KJJRzbKsBx3pwCQuRdSrYxcr7g0PFN8geIOspiLQnUzwONyMA3Bw==

"@esbuild/linux-ia32@0.18.1":
  version "0.18.1"
  resolved "https://registry.yarnpkg.com/@esbuild/linux-ia32/-/linux-ia32-0.18.1.tgz#89cda727edeb1ae844b1cd7b88ae03c33197b1e2"
  integrity sha512-QHS4duBPuAsLZP82sNeoqTXAJ1mNU4QcfmYtBN/jNvQJXb6n0im8F4ljFSAQbivt1jl1OnKL8HhlLUeKY75nLg==

"@esbuild/linux-loong64@0.18.1":
  version "0.18.1"
  resolved "https://registry.yarnpkg.com/@esbuild/linux-loong64/-/linux-loong64-0.18.1.tgz#674a5466fe2b5e3d276a5a331ce5bb3fb4e67c90"
  integrity sha512-g4YSiF/qBvXvJhSowxaR7Ei/79otL48Qfjviuo+FpXREykA9nSe407T5ZvezFXryFgdf44Fe8lWpjvtQ+n42cQ==

"@esbuild/linux-mips64el@0.18.1":
  version "0.18.1"
  resolved "https://registry.yarnpkg.com/@esbuild/linux-mips64el/-/linux-mips64el-0.18.1.tgz#5e01859f27d455582e094bff666836881e4348bd"
  integrity sha512-/G1fzmaR5u2S9wgQhiQEhWRct0+GMpuNjhll59uv5Tjojlma9MUPinVnvpw9Re+Idb6gxe6kmzUxFP2YkC/svg==

"@esbuild/linux-ppc64@0.18.1":
  version "0.18.1"
  resolved "https://registry.yarnpkg.com/@esbuild/linux-ppc64/-/linux-ppc64-0.18.1.tgz#8dc674268e506daab0b30f3e95af57c314e0797e"
  integrity sha512-NkDjIvleUc3lSV1VI3QE9Oh5mz3nY11H5TCbi4DJ8X09FGwHN5pDVXdAsQYPGjlt/frXZzq6x7vMmTOb5VyBog==

"@esbuild/linux-riscv64@0.18.1":
  version "0.18.1"
  resolved "https://registry.yarnpkg.com/@esbuild/linux-riscv64/-/linux-riscv64-0.18.1.tgz#1b42c089cd9938b154189910e9f8ea2d08fd949f"
  integrity sha512-IhN7Nz+HyDRnMQOLcCl6m5BgQMITMhS9O1hOqgAUIy6FI0m/0zTSkZHtvMmSIpOy1uleaGqfNDA9SM3nBeTATQ==

"@esbuild/linux-s390x@0.18.1":
  version "0.18.1"
  resolved "https://registry.yarnpkg.com/@esbuild/linux-s390x/-/linux-s390x-0.18.1.tgz#e9b3052cd2ea1fa929da60e54112678cc8f9df0c"
  integrity sha512-u9iRg0eUUIyBbg5hANvRBYRaAnhVemAA2+pi3IgrzQTMeR/uPHQtJI3XInNZkNR6ACA4Fdl8N941p81XygeqWQ==

"@esbuild/linux-x64@0.18.1":
  version "0.18.1"
  resolved "https://registry.yarnpkg.com/@esbuild/linux-x64/-/linux-x64-0.18.1.tgz#1020ab6ee29fbb3d1b3c08432a5f167a92a0af73"
  integrity sha512-0QeWU0a0+RmxPCDt+plXS7/hVMJtfde/LaSzs6X3UTr4FYA0hYpnwDzGXxumcPLzt5c8ctugPuKat0tmRb7noQ==

"@esbuild/netbsd-x64@0.18.1":
  version "0.18.1"
  resolved "https://registry.yarnpkg.com/@esbuild/netbsd-x64/-/netbsd-x64-0.18.1.tgz#9c42d1ab35b7cb6f9632dff3a1274d709c29cf72"
  integrity sha512-eFL7sxibN8wKuwrRf3HRkcjELALlfl/TavJ8P4J+BJfnkXOITF7zx4tTmGkzK8OwAR9snT2kEfp1Ictc80atGw==

"@esbuild/openbsd-x64@0.18.1":
  version "0.18.1"
  resolved "https://registry.yarnpkg.com/@esbuild/openbsd-x64/-/openbsd-x64-0.18.1.tgz#31c0a96f3c5e3f92f2a4019099725aee3fa6981c"
  integrity sha512-riCQUnngF2xYUzr0XDdrGEEz0nqnocch0No7SBIQM22wTRi5gt5WqTQexGd/2u2Z19d0rVYQbKBelaJ1dwe9bg==

"@esbuild/sunos-x64@0.18.1":
  version "0.18.1"
  resolved "https://registry.yarnpkg.com/@esbuild/sunos-x64/-/sunos-x64-0.18.1.tgz#e3f5e5b7347af74e9ae2a16ca045d737c077a987"
  integrity sha512-6lTop2k+GMkWlrwMy2+55xIBXKfXOi6uzWYypXZZP8HxXG3Mb5N4O71z2KzisVNJtYK2VlQRNbmGtUzIQIhHAw==

"@esbuild/win32-arm64@0.18.1":
  version "0.18.1"
  resolved "https://registry.yarnpkg.com/@esbuild/win32-arm64/-/win32-arm64-0.18.1.tgz#ca26f130a8a0d2852d4abf5f24713214f804d4f4"
  integrity sha512-d6wt4g9GluZp7xCmgpm7gY6wy0mjcBHbKeeK9MYrlWNFJd8KBcD2uCil8kFuaH3Dt6AUz62D0wIoDETFsZ01Tg==

"@esbuild/win32-ia32@0.18.1":
  version "0.18.1"
  resolved "https://registry.yarnpkg.com/@esbuild/win32-ia32/-/win32-ia32-0.18.1.tgz#69417b6f7ff8e660953401d8b66cb11d41ca80b3"
  integrity sha512-z51DOtcwECu4WlqJUhu39AVnnpaVmTvXei0EQxc99QK7ZJyn4tj0EelYkMBZckpqzqB/GyGSLwEclKtRJ0l2uw==

"@esbuild/win32-x64@0.18.1":
  version "0.18.1"
  resolved "https://registry.yarnpkg.com/@esbuild/win32-x64/-/win32-x64-0.18.1.tgz#e44b205e38082addd20fd8ac107ec3e7309c3a28"
  integrity sha512-6tdeuCLT+l9QuCFaYsNtULO6xH2fgJObvICMCsOZvkqIey6FUXVVju5aO+OZjxswy7WgKadhI1k/nq2wQSmB+Q==

"@types/node@*":
  version "18.11.7"
  resolved "https://registry.yarnpkg.com/@types/node/-/node-18.11.7.tgz#8ccef136f240770c1379d50100796a6952f01f94"
  integrity sha512-LhFTglglr63mNXUSRYD8A+ZAIu5sFqNJ4Y2fPuY7UlrySJH87rRRlhtVmMHplmfk5WkoJGmDjE9oiTfyX94CpQ==

"@types/qrcode@^1.5.0":
  version "1.5.0"
  resolved "https://registry.yarnpkg.com/@types/qrcode/-/qrcode-1.5.0.tgz#6a98fe9a9a7b2a9a3167b6dde17eff999eabe40b"
  integrity sha512-x5ilHXRxUPIMfjtM+1vf/GPTRWZ81nqscursm5gMznJeK9M0YnZ1c3bEvRLQ0zSSgedLx1J6MGL231ObQGGhaA==
  dependencies:
    "@types/node" "*"

ansi-regex@^5.0.1:
  version "5.0.1"
  resolved "https://registry.yarnpkg.com/ansi-regex/-/ansi-regex-5.0.1.tgz#082cb2c89c9fe8659a311a53bd6a4dc5301db304"
  integrity sha512-quJQXlTSUGL2LH9SUXo8VwsY4soanhgo6LNSm84E1LBcE8s3O0wpdiRzyR9z/ZZJMlMWv37qOOb9pdJlMUEKFQ==

ansi-styles@^4.0.0:
  version "4.3.0"
  resolved "https://registry.yarnpkg.com/ansi-styles/-/ansi-styles-4.3.0.tgz#edd803628ae71c04c85ae7a0906edad34b648937"
  integrity sha512-zbB9rCJAT1rbjiVDb2hqKFHNYLxgtk8NURxZ3IZwD3F6NtxbXZQCnnSi1Lkx+IDohdPlFp222wVALIheZJQSEg==
  dependencies:
    color-convert "^2.0.1"

anymatch@~3.1.2:
  version "3.1.3"
  resolved "https://registry.yarnpkg.com/anymatch/-/anymatch-3.1.3.tgz#790c58b19ba1720a84205b57c618d5ad8524973e"
  integrity sha512-KMReFUr0B4t+D+OBkjR3KYqvocp2XaSzO55UcB6mgQMd3KbcE+mWTyvVV7D/zsdEbNnV6acZUutkiHQXvTr1Rw==
  dependencies:
    normalize-path "^3.0.0"
    picomatch "^2.0.4"

binary-extensions@^2.0.0:
  version "2.2.0"
  resolved "https://registry.yarnpkg.com/binary-extensions/-/binary-extensions-2.2.0.tgz#75f502eeaf9ffde42fc98829645be4ea76bd9e2d"
  integrity sha512-jDctJ/IVQbZoJykoeHbhXpOlNBqGNcwXJKJog42E5HDPUwQTSdjCHdihjj0DlnheQ7blbT6dHOafNAiS8ooQKA==

braces@~3.0.2:
  version "3.0.2"
  resolved "https://registry.yarnpkg.com/braces/-/braces-3.0.2.tgz#3454e1a462ee8d599e236df336cd9ea4f8afe107"
  integrity sha512-b8um+L1RzM3WDSzvhm6gIz1yfTbBt6YTlcEKAvsmqCZZFw46z626lVj9j1yEPW33H5H+lBQpZMP1k8l+78Ha0A==
  dependencies:
    fill-range "^7.0.1"

camelcase@^5.0.0:
  version "5.3.1"
  resolved "https://registry.yarnpkg.com/camelcase/-/camelcase-5.3.1.tgz#e3c9b31569e106811df242f715725a1f4c494320"
  integrity sha512-L28STB170nwWS63UjtlEOE3dldQApaJXZkOI1uMFfzf3rRuPegHaHesyee+YxQ+W6SvRDQV6UrdOdRiR153wJg==

"chokidar@>=3.0.0 <4.0.0":
  version "3.5.3"
  resolved "https://registry.yarnpkg.com/chokidar/-/chokidar-3.5.3.tgz#1cf37c8707b932bd1af1ae22c0432e2acd1903bd"
  integrity sha512-Dr3sfKRP6oTcjf2JmUmFJfeVMvXBdegxB0iVQ5eb2V10uFJUCAS8OByZdVAyVb8xXNz3GjjTgj9kLWsZTqE6kw==
  dependencies:
    anymatch "~3.1.2"
    braces "~3.0.2"
    glob-parent "~5.1.2"
    is-binary-path "~2.1.0"
    is-glob "~4.0.1"
    normalize-path "~3.0.0"
    readdirp "~3.6.0"
  optionalDependencies:
    fsevents "~2.3.2"

cliui@^6.0.0:
  version "6.0.0"
  resolved "https://registry.yarnpkg.com/cliui/-/cliui-6.0.0.tgz#511d702c0c4e41ca156d7d0e96021f23e13225b1"
  integrity sha512-t6wbgtoCXvAzst7QgXxJYqPt0usEfbgQdftEPbLL/cvv6HPE5VgvqCuAIDR0NgU52ds6rFwqrgakNLrHEjCbrQ==
  dependencies:
    string-width "^4.2.0"
    strip-ansi "^6.0.0"
    wrap-ansi "^6.2.0"

color-convert@^2.0.1:
  version "2.0.1"
  resolved "https://registry.yarnpkg.com/color-convert/-/color-convert-2.0.1.tgz#72d3a68d598c9bdb3af2ad1e84f21d896abd4de3"
  integrity sha512-RRECPsj7iu/xb5oKYcsFHSppFNnsj/52OVTRKb4zP5onXwVF3zVmmToNcOfGC+CRDpfK/U584fMg38ZHCaElKQ==
  dependencies:
    color-name "~1.1.4"

color-name@~1.1.4:
  version "1.1.4"
  resolved "https://registry.yarnpkg.com/color-name/-/color-name-1.1.4.tgz#c2a09a87acbde69543de6f63fa3995c826c536a2"
  integrity sha512-dOy+3AuW3a2wNbZHIuMZpTcgjGuLU/uBL/ubcZF9OXbDo8ff4O8yVp5Bf0efS8uEoYo5q4Fx7dY9OgQGXgAsQA==

dark-mode-toggle@^0.14.6:
  version "0.14.6"
  resolved "https://registry.yarnpkg.com/dark-mode-toggle/-/dark-mode-toggle-0.14.6.tgz#3cb8f494ec96d9dd05394364cf5d28d348d14824"
  integrity sha512-I27vghhZXYfGqLjR90R8WnNUU6AFldMOAuBI13RsKQ16NlWCUW9aj3zj7fvel5TqGZPFOhDsoRVzbI/m+VTimQ==

decamelize@^1.2.0:
  version "1.2.0"
  resolved "https://registry.yarnpkg.com/decamelize/-/decamelize-1.2.0.tgz#f6534d15148269b20352e7bee26f501f9a191290"
  integrity sha512-z2S+W9X73hAUUki+N+9Za2lBlun89zigOyGrsax+KUQ6wKW4ZoWpEYBkGhQjwAjjDCkWxhY0VKEhk8wzY7F5cA==

dijkstrajs@^1.0.1:
  version "1.0.2"
  resolved "https://registry.yarnpkg.com/dijkstrajs/-/dijkstrajs-1.0.2.tgz#2e48c0d3b825462afe75ab4ad5e829c8ece36257"
  integrity sha512-QV6PMaHTCNmKSeP6QoXhVTw9snc9VD8MulTT0Bd99Pacp4SS1cjcrYPgBPmibqKVtMJJfqC6XvOXgPMEEPH/fg==

emoji-regex@^8.0.0:
  version "8.0.0"
  resolved "https://registry.yarnpkg.com/emoji-regex/-/emoji-regex-8.0.0.tgz#e818fd69ce5ccfcb404594f842963bf53164cc37"
  integrity sha512-MSjYzcWNOA0ewAHpz0MxpYFvwg6yjy1NG3xteoqz644VCo/RPgnr1/GGt+ic3iJTzQ8Eu3TdM14SawnVUmGE6A==

encode-utf8@^1.0.3:
  version "1.0.3"
  resolved "https://registry.yarnpkg.com/encode-utf8/-/encode-utf8-1.0.3.tgz#f30fdd31da07fb596f281beb2f6b027851994cda"
  integrity sha512-ucAnuBEhUK4boH2HjVYG5Q2mQyPorvv0u/ocS+zhdw0S8AlHYY+GOFhP1Gio5z4icpP2ivFSvhtFjQi8+T9ppw==

esbuild@^0.18.1:
  version "0.18.1"
  resolved "https://registry.yarnpkg.com/esbuild/-/esbuild-0.18.1.tgz#cb62e38633f0efe91e04e510b9ec194f7f14e00c"
  integrity sha512-ZUvsIx2wPjpj86b805UwbGJu47Kxgr2UTio9rGhWpBr1oOVk88exzoieOgTweX0UcVCwSAk3z2WvNALpTcpQZw==
  optionalDependencies:
    "@esbuild/android-arm" "0.18.1"
    "@esbuild/android-arm64" "0.18.1"
    "@esbuild/android-x64" "0.18.1"
    "@esbuild/darwin-arm64" "0.18.1"
    "@esbuild/darwin-x64" "0.18.1"
    "@esbuild/freebsd-arm64" "0.18.1"
    "@esbuild/freebsd-x64" "0.18.1"
    "@esbuild/linux-arm" "0.18.1"
    "@esbuild/linux-arm64" "0.18.1"
    "@esbuild/linux-ia32" "0.18.1"
    "@esbuild/linux-loong64" "0.18.1"
    "@esbuild/linux-mips64el" "0.18.1"
    "@esbuild/linux-ppc64" "0.18.1"
    "@esbuild/linux-riscv64" "0.18.1"
    "@esbuild/linux-s390x" "0.18.1"
    "@esbuild/linux-x64" "0.18.1"
    "@esbuild/netbsd-x64" "0.18.1"
    "@esbuild/openbsd-x64" "0.18.1"
    "@esbuild/sunos-x64" "0.18.1"
    "@esbuild/win32-arm64" "0.18.1"
    "@esbuild/win32-ia32" "0.18.1"
    "@esbuild/win32-x64" "0.18.1"

fill-range@^7.0.1:
  version "7.0.1"
  resolved "https://registry.yarnpkg.com/fill-range/-/fill-range-7.0.1.tgz#1919a6a7c75fe38b2c7c77e5198535da9acdda40"
  integrity sha512-qOo9F+dMUmC2Lcb4BbVvnKJxTPjCm+RRpe4gDuGrzkL7mEVl/djYSu2OdQ2Pa302N4oqkSg9ir6jaLWJ2USVpQ==
  dependencies:
    to-regex-range "^5.0.1"

find-up@^4.1.0:
  version "4.1.0"
  resolved "https://registry.yarnpkg.com/find-up/-/find-up-4.1.0.tgz#97afe7d6cdc0bc5928584b7c8d7b16e8a9aa5d19"
  integrity sha512-PpOwAdQ/YlXQ2vj8a3h8IipDuYRi3wceVQQGYWxNINccq40Anw7BlsEXCMbt1Zt+OLA6Fq9suIpIWD0OsnISlw==
  dependencies:
    locate-path "^5.0.0"
    path-exists "^4.0.0"

fsevents@~2.3.2:
  version "2.3.2"
  resolved "https://registry.yarnpkg.com/fsevents/-/fsevents-2.3.2.tgz#8a526f78b8fdf4623b709e0b975c52c24c02fd1a"
  integrity sha512-xiqMQR4xAeHTuB9uWm+fFRcIOgKBMiOBP+eXiyT7jsgVCq1bkVygt00oASowB7EdtpOHaaPgKt812P9ab+DDKA==

get-caller-file@^2.0.1:
  version "2.0.5"
  resolved "https://registry.yarnpkg.com/get-caller-file/-/get-caller-file-2.0.5.tgz#4f94412a82db32f36e3b0b9741f8a97feb031f7e"
  integrity sha512-DyFP3BM/3YHTQOCUL/w0OZHR0lpKeGrxotcHWcqNEdnltqFwXVfhEBQ94eIo34AfQpo0rGki4cyIiftY06h2Fg==

glob-parent@~5.1.2:
  version "5.1.2"
  resolved "https://registry.yarnpkg.com/glob-parent/-/glob-parent-5.1.2.tgz#869832c58034fe68a4093c17dc15e8340d8401c4"
  integrity sha512-AOIgSQCepiJYwP3ARnGx+5VnTu2HBYdzbGP45eLw1vr3zB3vZLeyed1sC9hnbcOc9/SrMyM5RPQrkGz4aS9Zow==
  dependencies:
    is-glob "^4.0.1"

immutable@^4.0.0:
  version "4.3.0"
  resolved "https://registry.yarnpkg.com/immutable/-/immutable-4.3.0.tgz#eb1738f14ffb39fd068b1dbe1296117484dd34be"
  integrity sha512-0AOCmOip+xgJwEVTQj1EfiDDOkPmuyllDuTuEX+DDXUgapLAsBIfkg3sxCYyCEA8mQqZrrxPUGjcOQ2JS3WLkg==

is-binary-path@~2.1.0:
  version "2.1.0"
  resolved "https://registry.yarnpkg.com/is-binary-path/-/is-binary-path-2.1.0.tgz#ea1f7f3b80f064236e83470f86c09c254fb45b09"
  integrity sha512-ZMERYes6pDydyuGidse7OsHxtbI7WVeUEozgR/g7rd0xUimYNlvZRE/K2MgZTjWy725IfelLeVcEM97mmtRGXw==
  dependencies:
    binary-extensions "^2.0.0"

is-extglob@^2.1.1:
  version "2.1.1"
  resolved "https://registry.yarnpkg.com/is-extglob/-/is-extglob-2.1.1.tgz#a88c02535791f02ed37c76a1b9ea9773c833f8c2"
  integrity sha512-SbKbANkN603Vi4jEZv49LeVJMn4yGwsbzZworEoyEiutsN3nJYdbO36zfhGJ6QEDpOZIFkDtnq5JRxmvl3jsoQ==

is-fullwidth-code-point@^3.0.0:
  version "3.0.0"
  resolved "https://registry.yarnpkg.com/is-fullwidth-code-point/-/is-fullwidth-code-point-3.0.0.tgz#f116f8064fe90b3f7844a38997c0b75051269f1d"
  integrity sha512-zymm5+u+sCsSWyD9qNaejV3DFvhCKclKdizYaJUuHA83RLjb7nSuGnddCHGv0hk+KY7BMAlsWeK4Ueg6EV6XQg==

is-glob@^4.0.1, is-glob@~4.0.1:
  version "4.0.3"
  resolved "https://registry.yarnpkg.com/is-glob/-/is-glob-4.0.3.tgz#64f61e42cbbb2eec2071a9dac0b28ba1e65d5084"
  integrity sha512-xelSayHH36ZgE7ZWhli7pW34hNbNl8Ojv5KVmkJD4hBdD3th8Tfk9vYasLM+mXWOZhFkgZfxhLSnrwRr4elSSg==
  dependencies:
    is-extglob "^2.1.1"

is-number@^7.0.0:
  version "7.0.0"
  resolved "https://registry.yarnpkg.com/is-number/-/is-number-7.0.0.tgz#7535345b896734d5f80c4d06c50955527a14f12b"
  integrity sha512-41Cifkg6e8TylSpdtTpeLVMqvSBEVzTttHvERD741+pnZ8ANv0004MRL43QKPDlK9cGvNp6NZWZUBlbGXYxxng==

locate-path@^5.0.0:
  version "5.0.0"
  resolved "https://registry.yarnpkg.com/locate-path/-/locate-path-5.0.0.tgz#1afba396afd676a6d42504d0a67a3a7eb9f62aa0"
  integrity sha512-t7hw9pI+WvuwNJXwk5zVHpyhIqzg2qTlklJOf0mVxGSbe3Fp2VieZcduNYjaLDoy6p9uGpQEGWG87WpMKlNq8g==
  dependencies:
    p-locate "^4.1.0"

normalize-path@^3.0.0, normalize-path@~3.0.0:
  version "3.0.0"
  resolved "https://registry.yarnpkg.com/normalize-path/-/normalize-path-3.0.0.tgz#0dcd69ff23a1c9b11fd0978316644a0388216a65"
  integrity sha512-6eZs5Ls3WtCisHWp9S2GUy8dqkpGi4BVSz3GaqiE6ezub0512ESztXUwUB6C6IKbQkY2Pnb/mD4WYojCRwcwLA==

p-limit@^2.2.0:
  version "2.3.0"
  resolved "https://registry.yarnpkg.com/p-limit/-/p-limit-2.3.0.tgz#3dd33c647a214fdfffd835933eb086da0dc21db1"
  integrity sha512-//88mFWSJx8lxCzwdAABTJL2MyWB12+eIY7MDL2SqLmAkeKU9qxRvWuSyTjm3FUmpBEMuFfckAIqEaVGUDxb6w==
  dependencies:
    p-try "^2.0.0"

p-locate@^4.1.0:
  version "4.1.0"
  resolved "https://registry.yarnpkg.com/p-locate/-/p-locate-4.1.0.tgz#a3428bb7088b3a60292f66919278b7c297ad4f07"
  integrity sha512-R79ZZ/0wAxKGu3oYMlz8jy/kbhsNrS7SKZ7PxEHBgJ5+F2mtFW2fK2cOtBh1cHYkQsbzFV7I+EoRKe6Yt0oK7A==
  dependencies:
    p-limit "^2.2.0"

p-try@^2.0.0:
  version "2.2.0"
  resolved "https://registry.yarnpkg.com/p-try/-/p-try-2.2.0.tgz#cb2868540e313d61de58fafbe35ce9004d5540e6"
  integrity sha512-R4nPAVTAU0B9D35/Gk3uJf/7XYbQcyohSKdvAxIRSNghFl4e71hVoGnBNQz9cWaXxO2I10KTC+3jMdvvoKw6dQ==

path-exists@^4.0.0:
  version "4.0.0"
  resolved "https://registry.yarnpkg.com/path-exists/-/path-exists-4.0.0.tgz#513bdbe2d3b95d7762e8c1137efa195c6c61b5b3"
  integrity sha512-ak9Qy5Q7jYb2Wwcey5Fpvg2KoAc/ZIhLSLOSBmRmygPsGwkVVt0fZa0qrtMz+m6tJTAHfZQ8FnmB4MG4LWy7/w==

picomatch@^2.0.4, picomatch@^2.2.1:
  version "2.3.1"
  resolved "https://registry.yarnpkg.com/picomatch/-/picomatch-2.3.1.tgz#3ba3833733646d9d3e4995946c1365a67fb07a42"
  integrity sha512-JU3teHTNjmE2VCGFzuY8EXzCDVwEqB2a8fsIvwaStHhAWJEeVd1o1QD80CU6+ZdEXXSLbSsuLwJjkCBWqRQUVA==

pngjs@^5.0.0:
  version "5.0.0"
  resolved "https://registry.yarnpkg.com/pngjs/-/pngjs-5.0.0.tgz#e79dd2b215767fd9c04561c01236df960bce7fbb"
  integrity sha512-40QW5YalBNfQo5yRYmiw7Yz6TKKVr3h6970B2YE+3fQpsWcrbj1PzJgxeJ19DRQjhMbKPIuMY8rFaXc8moolVw==

qrcode@^1.5.3:
  version "1.5.3"
  resolved "https://registry.yarnpkg.com/qrcode/-/qrcode-1.5.3.tgz#03afa80912c0dccf12bc93f615a535aad1066170"
  integrity sha512-puyri6ApkEHYiVl4CFzo1tDkAZ+ATcnbJrJ6RiBM1Fhctdn/ix9MTE3hRph33omisEbC/2fcfemsseiKgBPKZg==
  dependencies:
    dijkstrajs "^1.0.1"
    encode-utf8 "^1.0.3"
    pngjs "^5.0.0"
    yargs "^15.3.1"

readdirp@~3.6.0:
  version "3.6.0"
  resolved "https://registry.yarnpkg.com/readdirp/-/readdirp-3.6.0.tgz#74a370bd857116e245b29cc97340cd431a02a6c7"
  integrity sha512-hOS089on8RduqdbhvQ5Z37A0ESjsqz6qnRcffsMU3495FuTdqSm+7bhJ29JvIOsBDEEnan5DPu9t3To9VRlMzA==
  dependencies:
    picomatch "^2.2.1"

require-directory@^2.1.1:
  version "2.1.1"
  resolved "https://registry.yarnpkg.com/require-directory/-/require-directory-2.1.1.tgz#8c64ad5fd30dab1c976e2344ffe7f792a6a6df42"
  integrity sha512-fGxEI7+wsG9xrvdjsrlmL22OMTTiHRwAMroiEeMgq8gzoLC/PQr7RsRDSTLUg/bZAZtF+TVIkHc6/4RIKrui+Q==

require-main-filename@^2.0.0:
  version "2.0.0"
  resolved "https://registry.yarnpkg.com/require-main-filename/-/require-main-filename-2.0.0.tgz#d0b329ecc7cc0f61649f62215be69af54aa8989b"
  integrity sha512-NKN5kMDylKuldxYLSUfrbo5Tuzh4hd+2E8NPPX02mZtn1VuREQToYe/ZdlJy+J3uCpfaiGF05e7B8W0iXbQHmg==

sass@^1.62.1:
  version "1.62.1"
  resolved "https://registry.yarnpkg.com/sass/-/sass-1.62.1.tgz#caa8d6bf098935bc92fc73fa169fb3790cacd029"
  integrity sha512-NHpxIzN29MXvWiuswfc1W3I0N8SXBd8UR26WntmDlRYf0bSADnwnOjsyMZ3lMezSlArD33Vs3YFhp7dWvL770A==
  dependencies:
    chokidar ">=3.0.0 <4.0.0"
    immutable "^4.0.0"
    source-map-js ">=0.6.2 <2.0.0"

set-blocking@^2.0.0:
  version "2.0.0"
  resolved "https://registry.yarnpkg.com/set-blocking/-/set-blocking-2.0.0.tgz#045f9782d011ae9a6803ddd382b24392b3d890f7"
  integrity sha512-KiKBS8AnWGEyLzofFfmvKwpdPzqiy16LvQfK3yv/fVH7Bj13/wl3JSR1J+rfgRE9q7xUJK4qvgS8raSOeLUehw==

"source-map-js@>=0.6.2 <2.0.0":
  version "1.0.2"
  resolved "https://registry.yarnpkg.com/source-map-js/-/source-map-js-1.0.2.tgz#adbc361d9c62df380125e7f161f71c826f1e490c"
  integrity sha512-R0XvVJ9WusLiqTCEiGCmICCMplcCkIwwR11mOSD9CR5u+IXYdiseeEuXCVAjS54zqwkLcPNnmU4OeJ6tUrWhDw==

string-width@^4.1.0, string-width@^4.2.0:
  version "4.2.3"
  resolved "https://registry.yarnpkg.com/string-width/-/string-width-4.2.3.tgz#269c7117d27b05ad2e536830a8ec895ef9c6d010"
  integrity sha512-wKyQRQpjJ0sIp62ErSZdGsjMJWsap5oRNihHhu6G7JVO/9jIB6UyevL+tXuOqrng8j/cxKTWyWUwvSTriiZz/g==
  dependencies:
    emoji-regex "^8.0.0"
    is-fullwidth-code-point "^3.0.0"
    strip-ansi "^6.0.1"

strip-ansi@^6.0.0, strip-ansi@^6.0.1:
  version "6.0.1"
  resolved "https://registry.yarnpkg.com/strip-ansi/-/strip-ansi-6.0.1.tgz#9e26c63d30f53443e9489495b2105d37b67a85d9"
  integrity sha512-Y38VPSHcqkFrCpFnQ9vuSXmquuv5oXOKpGeT6aGrr3o3Gc9AlVa6JBfUSOCnbxGGZF+/0ooI7KrPuUSztUdU5A==
  dependencies:
    ansi-regex "^5.0.1"

sweetalert2@^11.7.10:
  version "11.7.10"
  resolved "https://registry.yarnpkg.com/sweetalert2/-/sweetalert2-11.7.10.tgz#514a9cb89e0d9916fc30608c76432db0cfc3f82c"
  integrity sha512-SgnO8VF7omM78doFxIAiEyhNBEudVTpYpYXJB9/yftvKD+UlWRaAkLMGD4kvAsgiwwph4SUFlNjiAbB5cUS8/g==

to-regex-range@^5.0.1:
  version "5.0.1"
  resolved "https://registry.yarnpkg.com/to-regex-range/-/to-regex-range-5.0.1.tgz#1648c44aae7c8d988a326018ed72f5b4dd0392e4"
  integrity sha512-65P7iz6X5yEr1cwcgvQxbbIw7Uk3gOy5dIdtZ4rDveLqhrdJP+Li/Hx6tyK0NEb+2GCyneCMJiGqrADCSNk8sQ==
  dependencies:
    is-number "^7.0.0"

which-module@^2.0.0:
  version "2.0.0"
  resolved "https://registry.yarnpkg.com/which-module/-/which-module-2.0.0.tgz#d9ef07dce77b9902b8a3a8fa4b31c3e3f7e6e87a"
  integrity sha512-B+enWhmw6cjfVC7kS8Pj9pCrKSc5txArRyaYGe088shv/FGWH+0Rjx/xPgtsWfsUtS27FkP697E4DDhgrgoc0Q==

wrap-ansi@^6.2.0:
  version "6.2.0"
  resolved "https://registry.yarnpkg.com/wrap-ansi/-/wrap-ansi-6.2.0.tgz#e9393ba07102e6c91a3b221478f0257cd2856e53"
  integrity sha512-r6lPcBGxZXlIcymEu7InxDMhdW0KDxpLgoFLcguasxCaJ/SOIZwINatK9KY/tf+ZrlywOKU0UDj3ATXUBfxJXA==
  dependencies:
    ansi-styles "^4.0.0"
    string-width "^4.1.0"
    strip-ansi "^6.0.0"

y18n@^4.0.0:
  version "4.0.3"
  resolved "https://registry.yarnpkg.com/y18n/-/y18n-4.0.3.tgz#b5f259c82cd6e336921efd7bfd8bf560de9eeedf"
  integrity sha512-JKhqTOwSrqNA1NY5lSztJ1GrBiUodLMmIZuLiDaMRJ+itFd+ABVE8XBjOvIWL+rSqNDC74LCSFmlb/U4UZ4hJQ==

yargs-parser@^18.1.2:
  version "18.1.3"
  resolved "https://registry.yarnpkg.com/yargs-parser/-/yargs-parser-18.1.3.tgz#be68c4975c6b2abf469236b0c870362fab09a7b0"
  integrity sha512-o50j0JeToy/4K6OZcaQmW6lyXXKhq7csREXcDwk2omFPJEwUNOVtJKvmDr9EI1fAJZUyZcRF7kxGBWmRXudrCQ==
  dependencies:
    camelcase "^5.0.0"
    decamelize "^1.2.0"

yargs@^15.3.1:
  version "15.4.1"
  resolved "https://registry.yarnpkg.com/yargs/-/yargs-15.4.1.tgz#0d87a16de01aee9d8bec2bfbf74f67851730f4f8"
  integrity sha512-aePbxDmcYW++PaqBsJ+HYUFwCdv4LVvdnhBy78E57PIor8/OVvhMrADFFEDh8DHDFRv/O9i3lPhsENjO7QX0+A==
  dependencies:
    cliui "^6.0.0"
    decamelize "^1.2.0"
    find-up "^4.1.0"
    get-caller-file "^2.0.1"
    require-directory "^2.1.1"
    require-main-filename "^2.0.0"
    set-blocking "^2.0.0"
    string-width "^4.2.0"
    which-module "^2.0.0"
    y18n "^4.0.0"
    yargs-parser "^18.1.2"
